<?xml version="1.0" encoding="utf-8"?>
<Project ToolsVersion="4.0" xmlns="http://schemas.microsoft.com/developer/msbuild/2003">
  <ItemGroup>
    <Filter Include="Source Files">
      <UniqueIdentifier>{4FC737F1-C7A5-4376-A066-2A32D752A2FF}</UniqueIdentifier>
      <Extensions>cpp;c;cc;cxx;def;odl;idl;hpj;bat;asm;asmx</Extensions>
    </Filter>
    <Filter Include="Header Files">
      <UniqueIdentifier>{93995380-89BD-4b04-88EB-625FBE52EBFB}</UniqueIdentifier>
      <Extensions>h;hh;hpp;hxx;hm;inl;inc;xsd</Extensions>
    </Filter>
    <Filter Include="Resource Files">
      <UniqueIdentifier>{67DA6AB6-F800-4c08-8B7A-83BB121AAD01}</UniqueIdentifier>
      <Extensions>rc;ico;cur;bmp;dlg;rc2;rct;bin;rgs;gif;jpg;jpeg;jpe;resx;tiff;tif;png;wav;mfcribbon-ms</Extensions>
    </Filter>
    <Filter Include="Header Files\Master">
      <UniqueIdentifier>{e9b88746-b10c-487e-9875-983a02f7bb65}</UniqueIdentifier>
    </Filter>
    <Filter Include="Source Files\Master">
      <UniqueIdentifier>{1327980d-ce6f-46bf-98d5-0b845ed6603c}</UniqueIdentifier>
    </Filter>
    <Filter Include="Header Files\Devices">
      <UniqueIdentifier>{7f8c4a6b-fb4a-498b-9f00-b14d3574ba41}</UniqueIdentifier>
    </Filter>
    <Filter Include="Source Files\Devices">
      <UniqueIdentifier>{1d491153-f334-4c55-9ac6-865eb9cc06a9}</UniqueIdentifier>
    </Filter>
  </ItemGroup>
  <ItemGroup>
    <ClInclude Include="Program.h">
      <Filter>Header Files\Master</Filter>
    </ClInclude>
    <ClInclude Include="__vm\.Master.vsarduino.h">
      <Filter>Header Files</Filter>
    </ClInclude>
    <ClInclude Include="BMP180.h">
      <Filter>Header Files\Devices</Filter>
    </ClInclude>
    <ClInclude Include="DHT11.h">
      <Filter>Header Files\Devices</Filter>
    </ClInclude>
    <ClInclude Include="FS1000A_Transmitter.h">
      <Filter>Header Files\Devices</Filter>
    </ClInclude>
    <ClInclude Include="Photoresistor.h">
      <Filter>Header Files\Devices</Filter>
    </ClInclude>
    <ClInclude Include="WindSpeed.h">
      <Filter>Header Files\Devices</Filter>
    </ClInclude>
  </ItemGroup>
  <ItemGroup>
    <None Include="Master.ino" />
  </ItemGroup>
  <ItemGroup>
    <ClCompile Include="Program.cpp">
      <Filter>Source Files\Master</Filter>
    </ClCompile>
    <ClCompile Include="BMP180.cpp">
      <Filter>Source Files\Devices</Filter>
    </ClCompile>
    <ClCompile Include="DHT11.cpp">
      <Filter>Source Files\Devices</Filter>
    </ClCompile>
    <ClCompile Include="FS1000A_Transmitter.cpp">
      <Filter>Source Files\Devices</Filter>
    </ClCompile>
    <ClCompile Include="Photoresistor.cpp">
      <Filter>Source Files\Devices</Filter>
    </ClCompile>
    <ClCompile Include="WindSpeed.cpp">
      <Filter>Source Files\Devices</Filter>
    </ClCompile>
  </ItemGroup>
</Project>